
Microsoft Visual Studio Solution File, Format Version 12.00
# Visual Studio Version 17
VisualStudioVersion = 17.4.33205.214
MinimumVisualStudioVersion = 10.0.40219.1
Project("{9A19103F-16F7-4668-BE54-9A1E7A4F7556}") = "UserApp", "UserApp\UserApp.csproj", "{32369F84-6490-4CBF-A1C5-C0EE08A0162C}"
EndProject
Global
	GlobalSection(SolutionConfigurationPlatforms) = preSolution
		Debug|Any CPU = Debug|Any CPU
		Release|Any CPU = Release|Any CPU
	EndGlobalSection
	GlobalSection(ProjectConfigurationPlatforms) = postSolution
		{32369F84-6490-4CBF-A1C5-C0EE08A0162C}.Debug|Any CPU.ActiveCfg = Debug|Any CPU
		{32369F84-6490-4CBF-A1C5-C0EE08A0162C}.Debug|Any CPU.Build.0 = Debug|Any CPU
		{32369F84-6490-4CBF-A1C5-C0EE08A0162C}.Release|Any CPU.ActiveCfg = Release|Any CPU
		{32369F84-6490-4CBF-A1C5-C0EE08A0162C}.Release|Any CPU.Build.0 = Release|Any CPU
	EndGlobalSection
	GlobalSection(SolutionProperties) = preSolution
		HideSolutionNode = FALSE
	EndGlobalSection
	GlobalSection(ExtensibilityGlobals) = postSolution
		SolutionGuid = {C36ADC7B-6BEC-4A02-9AFD-69B26A04D076}
	EndGlobalSection
EndGlobal
